PODS:
  - AYFile (2.2.1):
    - SSZipArchive
  - SSZipArchive (2.2.2)

DEPENDENCIES:
  - AYFile (from `../`)

SPEC REPOS:
  trunk:
    - SSZipArchive

EXTERNAL SOURCES:
  AYFile:
    :path: "../"

SPEC CHECKSUMS:
  AYFile: 275792b0b21de87497e756586621375529c82e6b
  SSZipArchive: fa16b8cc4cdeceb698e5e5d9f67e9558532fbf23

PODFILE CHECKSUM: 54a1fe2a49003d00629dd6fbea38a04fbcc09017

COCOAPODS: 1.11.3
